Microsoft Visual Studio Solution File, Format Version 12.00
# Visual Studio Version 17
VisualStudioVersion = 17.0.31903.59
MinimumVisualStudioVersion = 10.0.40219.1
Project("{9A19103F-16F7-4668-BE54-9A1E7A4F7556F}") = "UlanziAdapter.Core", "src\UlanziAdapter.Core\UlanziAdapter.Core.csproj", "{3C8B5F59-2BC3-4F59-8E82-0CE0C4F4085B}"
EndProject
Project("{9A19103F-16F7-4668-BE54-9A1E7A4F7556F}") = "UlanziAdapter.Windows", "src\UlanziAdapter.Windows\UlanziAdapter.Windows.csproj", "{D7B7C9FB-D9A6-4A7B-B493-11022DE74B4A}"
EndProject
Project("{9A19103F-16F7-4668-BE54-9A1E7A4F7556F}") = "UlanziAdapter.App", "src\UlanziAdapter.App\UlanziAdapter.App.csproj", "{5935C4CF-6A71-4DF3-94AA-32209E1DD1BC}"
EndProject
Project("{8BC9CEB8-8B4A-11D0-8D11-00A0C91BC942}") = "UlanziAdapter.Filter", "drivers\UlanziAdapter.Filter\UlanziAdapter.Filter.vcxproj", "{7B3A184A-877C-4C5F-9BBE-F9B45537D194}"
EndProject
Global
	GlobalSection(SolutionConfigurationPlatforms) = preSolution
		Debug|Any CPU = Debug|Any CPU
		Release|Any CPU = Release|Any CPU
	EndGlobalSection
	GlobalSection(ProjectConfigurationPlatforms) = postSolution
		{3C8B5F59-2BC3-4F59-8E82-0CE0C4F4085B}.Debug|Any CPU.ActiveCfg = Debug|Any CPU
		{3C8B5F59-2BC3-4F59-8E82-0CE0C4F4085B}.Debug|Any CPU.Build.0 = Debug|Any CPU
		{3C8B5F59-2BC3-4F59-8E82-0CE0C4F4085B}.Release|Any CPU.ActiveCfg = Release|Any CPU
		{3C8B5F59-2BC3-4F59-8E82-0CE0C4F4085B}.Release|Any CPU.Build.0 = Release|Any CPU
		{D7B7C9FB-D9A6-4A7B-B493-11022DE74B4A}.Debug|Any CPU.ActiveCfg = Debug|Any CPU
		{D7B7C9FB-D9A6-4A7B-B493-11022DE74B4A}.Debug|Any CPU.Build.0 = Debug|Any CPU
		{D7B7C9FB-D9A6-4A7B-B493-11022DE74B4A}.Release|Any CPU.ActiveCfg = Release|Any CPU
		{D7B7C9FB-D9A6-4A7B-B493-11022DE74B4A}.Release|Any CPU.Build.0 = Release|Any CPU
		{5935C4CF-6A71-4DF3-94AA-32209E1DD1BC}.Debug|Any CPU.ActiveCfg = Debug|Any CPU
		{5935C4CF-6A71-4DF3-94AA-32209E1DD1BC}.Debug|Any CPU.Build.0 = Debug|Any CPU
		{5935C4CF-6A71-4DF3-94AA-32209E1DD1BC}.Release|Any CPU.ActiveCfg = Release|Any CPU
		{5935C4CF-6A71-4DF3-94AA-32209E1DD1BC}.Release|Any CPU.Build.0 = Release|Any CPU
		{7B3A184A-877C-4C5F-9BBE-F9B45537D194}.Debug|Any CPU.ActiveCfg = Debug|x64
		{7B3A184A-877C-4C5F-9BBE-F9B45537D194}.Debug|Any CPU.Build.0 = Debug|x64
		{7B3A184A-877C-4C5F-9BBE-F9B45537D194}.Release|Any CPU.ActiveCfg = Release|x64
		{7B3A184A-877C-4C5F-9BBE-F9B45537D194}.Release|Any CPU.Build.0 = Release|x64
	EndGlobalSection
EndGlobal
